
Microsoft Visual Studio Solution File, Format Version 12.00
# Visual Studio Version 17
VisualStudioVersion = 17.2.32630.192
MinimumVisualStudioVersion = 10.0.40219.1
Project("{FAE04EC0-301F-11D3-BF4B-00C04F79EFBC}") = "SimpleEmailApp", "SimpleEmailApp\SimpleEmailApp.csproj", "{D58D8582-6AF7-4549-A7E0-C25886A9154A}"
EndProject
Global
	GlobalSection(SolutionConfigurationPlatforms) = preSolution
		Debug|Any CPU = Debug|Any CPU
		Release|Any CPU = Release|Any CPU
	EndGlobalSection
	GlobalSection(ProjectConfigurationPlatforms) = postSolution
		{D58D8582-6AF7-4549-A7E0-C25886A9154A}.Debug|Any CPU.ActiveCfg = Debug|Any CPU
		{D58D8582-6AF7-4549-A7E0-C25886A9154A}.Debug|Any CPU.Build.0 = Debug|Any CPU
		{D58D8582-6AF7-4549-A7E0-C25886A9154A}.Release|Any CPU.ActiveCfg = Release|Any CPU
		{D58D8582-6AF7-4549-A7E0-C25886A9154A}.Release|Any CPU.Build.0 = Release|Any CPU
	EndGlobalSection
	GlobalSection(SolutionProperties) = preSolution
		HideSolutionNode = FALSE
	EndGlobalSection
	GlobalSection(ExtensibilityGlobals) = postSolution
		SolutionGuid = {5EE34FF7-1B36-4772-B127-9C1CC3B04871}
	EndGlobalSection
EndGlobal
